
Microsoft Visual Studio Solution File, Format Version 12.00
# Visual Studio Version 17
VisualStudioVersion = 17.5.33414.496
MinimumVisualStudioVersion = 10.0.40219.1
Project("{FAE04EC0-301F-11D3-BF4B-00C04F79EFBC}") = "TiberiTreeGen", "TiberiTreeGen.csproj", "{C46DB400-8635-4A00-ABED-FF1230455F5B}"
EndProject
Global
	GlobalSection(SolutionConfigurationPlatforms) = preSolution
		Debug|Any CPU = Debug|Any CPU
		Release|Any CPU = Release|Any CPU
	EndGlobalSection
	GlobalSection(ProjectConfigurationPlatforms) = postSolution
		{C46DB400-8635-4A00-ABED-FF1230455F5B}.Debug|Any CPU.ActiveCfg = Debug|Any CPU
		{C46DB400-8635-4A00-ABED-FF1230455F5B}.Debug|Any CPU.Build.0 = Debug|Any CPU
		{C46DB400-8635-4A00-ABED-FF1230455F5B}.Release|Any CPU.ActiveCfg = Release|Any CPU
		{C46DB400-8635-4A00-ABED-FF1230455F5B}.Release|Any CPU.Build.0 = Release|Any CPU
	EndGlobalSection
	GlobalSection(SolutionProperties) = preSolution
		HideSolutionNode = FALSE
	EndGlobalSection
	GlobalSection(ExtensibilityGlobals) = postSolution
		SolutionGuid = {82F50752-71DE-48EE-A4E7-957C28121E83}
	EndGlobalSection
EndGlobal
